
Microsoft Visual Studio Solution File, Format Version 12.00
# Visual Studio Version 17
VisualStudioVersion = 17.1.32319.34
MinimumVisualStudioVersion = 10.0.40219.1
Project("{9A19103F-16F7-4668-BE54-9A1E7A4F7556}") = "Strategy", "Strategy\Strategy.csproj", "{5448FA10-D592-41A3-83E0-DE351A6089FE}"
EndProject
Project("{9A19103F-16F7-4668-BE54-9A1E7A4F7556}") = "ChainOfResponsability", "ChainOfResponsability\ChainOfResponsability.csproj", "{A2D16586-3E8B-4300-A451-11560AFE5A91}"
EndProject
Project("{9A19103F-16F7-4668-BE54-9A1E7A4F7556}") = "TemplateMethod", "TemplateMethod\TemplateMethod.csproj", "{C0E44EEF-33A9-4DF1-899D-4A0B2EAC83D2}"
EndProject
Project("{9A19103F-16F7-4668-BE54-9A1E7A4F7556}") = "Decorator", "Decorator\Decorator.csproj", "{7F29B68B-7138-4DE4-A3B7-0613CB7991DD}"
EndProject
Project("{9A19103F-16F7-4668-BE54-9A1E7A4F7556}") = "State", "State\State.csproj", "{8B22B5E0-1572-404C-9ECA-6EAF3E9D967B}"
EndProject
Project("{9A19103F-16F7-4668-BE54-9A1E7A4F7556}") = "Builder", "Builder\Builder.csproj", "{39B144E8-E798-4F5C-8D15-DD3177E5C548}"
EndProject
Project("{9A19103F-16F7-4668-BE54-9A1E7A4F7556}") = "Observer", "Observer\Observer.csproj", "{41E96A95-0DDA-40FF-943A-FCC0FE0ADC09}"
EndProject
Project("{9A19103F-16F7-4668-BE54-9A1E7A4F7556}") = "Factory", "Factory\Factory.csproj", "{D623D9B8-F919-4391-AF7C-E5D42CF901FF}"
EndProject
Project("{9A19103F-16F7-4668-BE54-9A1E7A4F7556}") = "FlyWeight", "FlyWeight\FlyWeight.csproj", "{E2D3C9D4-B8AC-44C9-AC9B-4230E0CE1B5D}"
EndProject
Project("{9A19103F-16F7-4668-BE54-9A1E7A4F7556}") = "Memento", "Memento\Memento.csproj", "{56D67F12-0E2B-476D-8534-E1D9C30B5403}"
EndProject
Project("{9A19103F-16F7-4668-BE54-9A1E7A4F7556}") = "Interpreter", "Interpreter\Interpreter.csproj", "{78F08591-D0BB-427E-9295-FA7722EDE963}"
EndProject
Project("{9A19103F-16F7-4668-BE54-9A1E7A4F7556}") = "Visitor", "Visitor\Visitor.csproj", "{2E0D02EE-1C68-4FAB-B10A-6FE26ABE2BD9}"
EndProject
Project("{9A19103F-16F7-4668-BE54-9A1E7A4F7556}") = "Bridge", "Bridge\Bridge.csproj", "{FC0B4607-ACF7-4A76-92BB-ECE82154267A}"
EndProject
Project("{9A19103F-16F7-4668-BE54-9A1E7A4F7556}") = "Command", "Command\Command.csproj", "{0E6E9B9B-FBE4-4946-ACCE-DECA5056C095}"
EndProject
Project("{FAE04EC0-301F-11D3-BF4B-00C04F79EFBC}") = "Adapter", "Adapter\Adapter.csproj", "{2B458381-44C5-4069-B521-C8BD583D176E}"
EndProject
Global
	GlobalSection(SolutionConfigurationPlatforms) = preSolution
		Debug|Any CPU = Debug|Any CPU
		Release|Any CPU = Release|Any CPU
	EndGlobalSection
	GlobalSection(ProjectConfigurationPlatforms) = postSolution
		{5448FA10-D592-41A3-83E0-DE351A6089FE}.Debug|Any CPU.ActiveCfg = Debug|Any CPU
		{5448FA10-D592-41A3-83E0-DE351A6089FE}.Debug|Any CPU.Build.0 = Debug|Any CPU
		{5448FA10-D592-41A3-83E0-DE351A6089FE}.Release|Any CPU.ActiveCfg = Release|Any CPU
		{5448FA10-D592-41A3-83E0-DE351A6089FE}.Release|Any CPU.Build.0 = Release|Any CPU
		{A2D16586-3E8B-4300-A451-11560AFE5A91}.Debug|Any CPU.ActiveCfg = Debug|Any CPU
		{A2D16586-3E8B-4300-A451-11560AFE5A91}.Debug|Any CPU.Build.0 = Debug|Any CPU
		{A2D16586-3E8B-4300-A451-11560AFE5A91}.Release|Any CPU.ActiveCfg = Release|Any CPU
		{A2D16586-3E8B-4300-A451-11560AFE5A91}.Release|Any CPU.Build.0 = Release|Any CPU
		{C0E44EEF-33A9-4DF1-899D-4A0B2EAC83D2}.Debug|Any CPU.ActiveCfg = Debug|Any CPU
		{C0E44EEF-33A9-4DF1-899D-4A0B2EAC83D2}.Debug|Any CPU.Build.0 = Debug|Any CPU
		{C0E44EEF-33A9-4DF1-899D-4A0B2EAC83D2}.Release|Any CPU.ActiveCfg = Release|Any CPU
		{C0E44EEF-33A9-4DF1-899D-4A0B2EAC83D2}.Release|Any CPU.Build.0 = Release|Any CPU
		{7F29B68B-7138-4DE4-A3B7-0613CB7991DD}.Debug|Any CPU.ActiveCfg = Debug|Any CPU
		{7F29B68B-7138-4DE4-A3B7-0613CB7991DD}.Debug|Any CPU.Build.0 = Debug|Any CPU
		{7F29B68B-7138-4DE4-A3B7-0613CB7991DD}.Release|Any CPU.ActiveCfg = Release|Any CPU
		{7F29B68B-7138-4DE4-A3B7-0613CB7991DD}.Release|Any CPU.Build.0 = Release|Any CPU
		{8B22B5E0-1572-404C-9ECA-6EAF3E9D967B}.Debug|Any CPU.ActiveCfg = Debug|Any CPU
		{8B22B5E0-1572-404C-9ECA-6EAF3E9D967B}.Debug|Any CPU.Build.0 = Debug|Any CPU
		{8B22B5E0-1572-404C-9ECA-6EAF3E9D967B}.Release|Any CPU.ActiveCfg = Release|Any CPU
		{8B22B5E0-1572-404C-9ECA-6EAF3E9D967B}.Release|Any CPU.Build.0 = Release|Any CPU
		{39B144E8-E798-4F5C-8D15-DD3177E5C548}.Debug|Any CPU.ActiveCfg = Debug|Any CPU
		{39B144E8-E798-4F5C-8D15-DD3177E5C548}.Debug|Any CPU.Build.0 = Debug|Any CPU
		{39B144E8-E798-4F5C-8D15-DD3177E5C548}.Release|Any CPU.ActiveCfg = Release|Any CPU
		{39B144E8-E798-4F5C-8D15-DD3177E5C548}.Release|Any CPU.Build.0 = Release|Any CPU
		{41E96A95-0DDA-40FF-943A-FCC0FE0ADC09}.Debug|Any CPU.ActiveCfg = Debug|Any CPU
		{41E96A95-0DDA-40FF-943A-FCC0FE0ADC09}.Debug|Any CPU.Build.0 = Debug|Any CPU
		{41E96A95-0DDA-40FF-943A-FCC0FE0ADC09}.Release|Any CPU.ActiveCfg = Release|Any CPU
		{41E96A95-0DDA-40FF-943A-FCC0FE0ADC09}.Release|Any CPU.Build.0 = Release|Any CPU
		{D623D9B8-F919-4391-AF7C-E5D42CF901FF}.Debug|Any CPU.ActiveCfg = Debug|Any CPU
		{D623D9B8-F919-4391-AF7C-E5D42CF901FF}.Debug|Any CPU.Build.0 = Debug|Any CPU
		{D623D9B8-F919-4391-AF7C-E5D42CF901FF}.Release|Any CPU.ActiveCfg = Release|Any CPU
		{D623D9B8-F919-4391-AF7C-E5D42CF901FF}.Release|Any CPU.Build.0 = Release|Any CPU
		{E2D3C9D4-B8AC-44C9-AC9B-4230E0CE1B5D}.Debug|Any CPU.ActiveCfg = Debug|Any CPU
		{E2D3C9D4-B8AC-44C9-AC9B-4230E0CE1B5D}.Debug|Any CPU.Build.0 = Debug|Any CPU
		{E2D3C9D4-B8AC-44C9-AC9B-4230E0CE1B5D}.Release|Any CPU.ActiveCfg = Release|Any CPU
		{E2D3C9D4-B8AC-44C9-AC9B-4230E0CE1B5D}.Release|Any CPU.Build.0 = Release|Any CPU
		{56D67F12-0E2B-476D-8534-E1D9C30B5403}.Debug|Any CPU.ActiveCfg = Debug|Any CPU
		{56D67F12-0E2B-476D-8534-E1D9C30B5403}.Debug|Any CPU.Build.0 = Debug|Any CPU
		{56D67F12-0E2B-476D-8534-E1D9C30B5403}.Release|Any CPU.ActiveCfg = Release|Any CPU
		{56D67F12-0E2B-476D-8534-E1D9C30B5403}.Release|Any CPU.Build.0 = Release|Any CPU
		{78F08591-D0BB-427E-9295-FA7722EDE963}.Debug|Any CPU.ActiveCfg = Debug|Any CPU
		{78F08591-D0BB-427E-9295-FA7722EDE963}.Debug|Any CPU.Build.0 = Debug|Any CPU
		{78F08591-D0BB-427E-9295-FA7722EDE963}.Release|Any CPU.ActiveCfg = Release|Any CPU
		{78F08591-D0BB-427E-9295-FA7722EDE963}.Release|Any CPU.Build.0 = Release|Any CPU
		{2E0D02EE-1C68-4FAB-B10A-6FE26ABE2BD9}.Debug|Any CPU.ActiveCfg = Debug|Any CPU
		{2E0D02EE-1C68-4FAB-B10A-6FE26ABE2BD9}.Debug|Any CPU.Build.0 = Debug|Any CPU
		{2E0D02EE-1C68-4FAB-B10A-6FE26ABE2BD9}.Release|Any CPU.ActiveCfg = Release|Any CPU
		{2E0D02EE-1C68-4FAB-B10A-6FE26ABE2BD9}.Release|Any CPU.Build.0 = Release|Any CPU
		{FC0B4607-ACF7-4A76-92BB-ECE82154267A}.Debug|Any CPU.ActiveCfg = Debug|Any CPU
		{FC0B4607-ACF7-4A76-92BB-ECE82154267A}.Debug|Any CPU.Build.0 = Debug|Any CPU
		{FC0B4607-ACF7-4A76-92BB-ECE82154267A}.Release|Any CPU.ActiveCfg = Release|Any CPU
		{FC0B4607-ACF7-4A76-92BB-ECE82154267A}.Release|Any CPU.Build.0 = Release|Any CPU
		{0E6E9B9B-FBE4-4946-ACCE-DECA5056C095}.Debug|Any CPU.ActiveCfg = Debug|Any CPU
		{0E6E9B9B-FBE4-4946-ACCE-DECA5056C095}.Debug|Any CPU.Build.0 = Debug|Any CPU
		{0E6E9B9B-FBE4-4946-ACCE-DECA5056C095}.Release|Any CPU.ActiveCfg = Release|Any CPU
		{0E6E9B9B-FBE4-4946-ACCE-DECA5056C095}.Release|Any CPU.Build.0 = Release|Any CPU
		{2B458381-44C5-4069-B521-C8BD583D176E}.Debug|Any CPU.ActiveCfg = Debug|Any CPU
		{2B458381-44C5-4069-B521-C8BD583D176E}.Debug|Any CPU.Build.0 = Debug|Any CPU
		{2B458381-44C5-4069-B521-C8BD583D176E}.Release|Any CPU.ActiveCfg = Release|Any CPU
		{2B458381-44C5-4069-B521-C8BD583D176E}.Release|Any CPU.Build.0 = Release|Any CPU
	EndGlobalSection
	GlobalSection(SolutionProperties) = preSolution
		HideSolutionNode = FALSE
	EndGlobalSection
	GlobalSection(ExtensibilityGlobals) = postSolution
		SolutionGuid = {7C733FDA-97E2-40D9-B8C5-47C18EC4A222}
	EndGlobalSection
EndGlobal
